
Microsoft Visual Studio Solution File, Format Version 12.00
# Visual Studio 15
VisualStudioVersion = 15.0.28307.960
MinimumVisualStudioVersion = 10.0.40219.1
Project("{9A19103F-16F7-4668-BE54-9A1E7A4F7556}") = "PaginationExtensions", "src\PaginationExtensions\PaginationExtensions.csproj", "{C749593D-A80C-400E-A327-C52D02A8998D}"
EndProject
Project("{2150E333-8FDC-42A3-9474-1A3956D46DE8}") = "src", "src", "{7C976769-2611-4B36-9999-71D4D7946FC5}"
EndProject
Project("{2150E333-8FDC-42A3-9474-1A3956D46DE8}") = "test", "test", "{8798C91B-2BA2-45CB-8DC8-8E4AF40995C3}"
EndProject
Project("{FAE04EC0-301F-11D3-BF4B-00C04F79EFBC}") = "PaginationExtensions.Test", "test\PaginationExtensions.Test\PaginationExtensions.Test.csproj", "{4423CB95-F5E2-4F85-A538-F2A27ECE196E}"
EndProject
Global
	GlobalSection(SolutionConfigurationPlatforms) = preSolution
		Debug|Any CPU = Debug|Any CPU
		Release|Any CPU = Release|Any CPU
	EndGlobalSection
	GlobalSection(ProjectConfigurationPlatforms) = postSolution
		{C749593D-A80C-400E-A327-C52D02A8998D}.Debug|Any CPU.ActiveCfg = Debug|Any CPU
		{C749593D-A80C-400E-A327-C52D02A8998D}.Debug|Any CPU.Build.0 = Debug|Any CPU
		{C749593D-A80C-400E-A327-C52D02A8998D}.Release|Any CPU.ActiveCfg = Release|Any CPU
		{C749593D-A80C-400E-A327-C52D02A8998D}.Release|Any CPU.Build.0 = Release|Any CPU
		{4423CB95-F5E2-4F85-A538-F2A27ECE196E}.Debug|Any CPU.ActiveCfg = Debug|Any CPU
		{4423CB95-F5E2-4F85-A538-F2A27ECE196E}.Debug|Any CPU.Build.0 = Debug|Any CPU
		{4423CB95-F5E2-4F85-A538-F2A27ECE196E}.Release|Any CPU.ActiveCfg = Release|Any CPU
		{4423CB95-F5E2-4F85-A538-F2A27ECE196E}.Release|Any CPU.Build.0 = Release|Any CPU
	EndGlobalSection
	GlobalSection(SolutionProperties) = preSolution
		HideSolutionNode = FALSE
	EndGlobalSection
	GlobalSection(NestedProjects) = preSolution
		{C749593D-A80C-400E-A327-C52D02A8998D} = {7C976769-2611-4B36-9999-71D4D7946FC5}
		{4423CB95-F5E2-4F85-A538-F2A27ECE196E} = {8798C91B-2BA2-45CB-8DC8-8E4AF40995C3}
	EndGlobalSection
	GlobalSection(ExtensibilityGlobals) = postSolution
		SolutionGuid = {4F6AFED2-D368-4827-B321-2AC536A14214}
	EndGlobalSection
EndGlobal
